
Microsoft Visual Studio Solution File, Format Version 12.00
# Visual Studio Version 17
VisualStudioVersion = 17.5.002.0
MinimumVisualStudioVersion = 10.0.40219.1
Project("{9A19103F-16F7-4668-BE54-9A1E7A4F7556}") = "dotnetcore_webapp", "dotnetcore_webapp.csproj", "{D1EED982-8543-4DF9-B00E-F81E865DDF47}"
EndProject
Global
	GlobalSection(SolutionConfigurationPlatforms) = preSolution
		Debug|Any CPU = Debug|Any CPU
		Release|Any CPU = Release|Any CPU
	EndGlobalSection
	GlobalSection(ProjectConfigurationPlatforms) = postSolution
		{D1EED982-8543-4DF9-B00E-F81E865DDF47}.Debug|Any CPU.ActiveCfg = Debug|Any CPU
		{D1EED982-8543-4DF9-B00E-F81E865DDF47}.Debug|Any CPU.Build.0 = Debug|Any CPU
		{D1EED982-8543-4DF9-B00E-F81E865DDF47}.Release|Any CPU.ActiveCfg = Release|Any CPU
		{D1EED982-8543-4DF9-B00E-F81E865DDF47}.Release|Any CPU.Build.0 = Release|Any CPU
	EndGlobalSection
	GlobalSection(SolutionProperties) = preSolution
		HideSolutionNode = FALSE
	EndGlobalSection
	GlobalSection(ExtensibilityGlobals) = postSolution
		SolutionGuid = {60052D72-52A6-4873-B289-B552FE690603}
	EndGlobalSection
EndGlobal
